
Microsoft Visual Studio Solution File, Format Version 12.00
# Visual Studio Version 16
VisualStudioVersion = 16.0.31005.135
MinimumVisualStudioVersion = 10.0.40219.1
Project("{9A19103F-16F7-4668-BE54-9A1E7A4F7556}") = "AspnetNote.MVC6", "AspnetNote.MVC6\AspnetNote.MVC6.csproj", "{BCC3D5C4-C088-427B-AAAC-DEC597FD4961}"
EndProject
Global
	GlobalSection(SolutionConfigurationPlatforms) = preSolution
		Debug|Any CPU = Debug|Any CPU
		Release|Any CPU = Release|Any CPU
	EndGlobalSection
	GlobalSection(ProjectConfigurationPlatforms) = postSolution
		{BCC3D5C4-C088-427B-AAAC-DEC597FD4961}.Debug|Any CPU.ActiveCfg = Debug|Any CPU
		{BCC3D5C4-C088-427B-AAAC-DEC597FD4961}.Debug|Any CPU.Build.0 = Debug|Any CPU
		{BCC3D5C4-C088-427B-AAAC-DEC597FD4961}.Release|Any CPU.ActiveCfg = Release|Any CPU
		{BCC3D5C4-C088-427B-AAAC-DEC597FD4961}.Release|Any CPU.Build.0 = Release|Any CPU
	EndGlobalSection
	GlobalSection(SolutionProperties) = preSolution
		HideSolutionNode = FALSE
	EndGlobalSection
	GlobalSection(ExtensibilityGlobals) = postSolution
		SolutionGuid = {FC7DD9EF-398E-4E33-903D-DCEB2FF297B2}
	EndGlobalSection
EndGlobal
